// !$*UTF8*$!
{
	archiveVersion = 1;
	classes = {
	};
	objectVersion = 50;
	objects = {

/* Begin PBXBuildFile section */
		8366A478214E9D8B0060C383 /* RoundedDecimal_iOS.framework in Frameworks */ = {isa = PBXBuildFile; fileRef = 8366A46E214E9D8B0060C383 /* RoundedDecimal_iOS.framework */; };
		8366A47D214E9D8B0060C383 /* RoundedDecimalTests.swift in Sources */ = {isa = PBXBuildFile; fileRef = 8366A47C214E9D8B0060C383 /* RoundedDecimalTests.swift */; };
		8366A47F214E9D8B0060C383 /* RoundedDecimal.h in Headers */ = {isa = PBXBuildFile; fileRef = 8366A471214E9D8B0060C383 /* RoundedDecimal.h */; settings = {ATTRIBUTES = (Public, ); }; };
		8366A489214E9F8E0060C383 /* RoundedDecimal.swift in Sources */ = {isa = PBXBuildFile; fileRef = 8366A488214E9F8E0060C383 /* RoundedDecimal.swift */; };
		8366A48B214EA0330060C383 /* DecimalTypes.swift in Sources */ = {isa = PBXBuildFile; fileRef = 8366A48A214EA0330060C383 /* DecimalTypes.swift */; };
		8366A48D214EA04F0060C383 /* Decimal+Rounding.swift in Sources */ = {isa = PBXBuildFile; fileRef = 8366A48C214EA04F0060C383 /* Decimal+Rounding.swift */; };
		F61B00B5231AFC8F003DF5EE /* RoundedDecimal_tvOS.h in Headers */ = {isa = PBXBuildFile; fileRef = F61B00B3231AFC8F003DF5EE /* RoundedDecimal_tvOS.h */; settings = {ATTRIBUTES = (Public, ); }; };
		F61B00C2231AFCB5003DF5EE /* RoundedDecimal_macOS.h in Headers */ = {isa = PBXBuildFile; fileRef = F61B00C0231AFCB5003DF5EE /* RoundedDecimal_macOS.h */; settings = {ATTRIBUTES = (Public, ); }; };
		F61B00CF231AFCCB003DF5EE /* RoundedDecimal_watchOS.h in Headers */ = {isa = PBXBuildFile; fileRef = F61B00CD231AFCCB003DF5EE /* RoundedDecimal_watchOS.h */; settings = {ATTRIBUTES = (Public, ); }; };
		F61B00D3231AFE17003DF5EE /* RoundedDecimal.swift in Sources */ = {isa = PBXBuildFile; fileRef = 8366A488214E9F8E0060C383 /* RoundedDecimal.swift */; };
		F61B00D4231AFE17003DF5EE /* DecimalTypes.swift in Sources */ = {isa = PBXBuildFile; fileRef = 8366A48A214EA0330060C383 /* DecimalTypes.swift */; };
		F61B00D5231AFE17003DF5EE /* Decimal+Rounding.swift in Sources */ = {isa = PBXBuildFile; fileRef = 8366A48C214EA04F0060C383 /* Decimal+Rounding.swift */; };
		F61B00D6231AFE18003DF5EE /* RoundedDecimal.swift in Sources */ = {isa = PBXBuildFile; fileRef = 8366A488214E9F8E0060C383 /* RoundedDecimal.swift */; };
		F61B00D7231AFE18003DF5EE /* DecimalTypes.swift in Sources */ = {isa = PBXBuildFile; fileRef = 8366A48A214EA0330060C383 /* DecimalTypes.swift */; };
		F61B00D8231AFE18003DF5EE /* Decimal+Rounding.swift in Sources */ = {isa = PBXBuildFile; fileRef = 8366A48C214EA04F0060C383 /* Decimal+Rounding.swift */; };
		F61B00D9231AFE19003DF5EE /* RoundedDecimal.swift in Sources */ = {isa = PBXBuildFile; fileRef = 8366A488214E9F8E0060C383 /* RoundedDecimal.swift */; };
		F61B00DA231AFE19003DF5EE /* DecimalTypes.swift in Sources */ = {isa = PBXBuildFile; fileRef = 8366A48A214EA0330060C383 /* DecimalTypes.swift */; };
		F61B00DB231AFE19003DF5EE /* Decimal+Rounding.swift in Sources */ = {isa = PBXBuildFile; fileRef = 8366A48C214EA04F0060C383 /* Decimal+Rounding.swift */; };
/* End PBXBuildFile section */

/* Begin PBXContainerItemProxy section */
		8366A479214E9D8B0060C383 /* PBXContainerItemProxy */ = {
			isa = PBXContainerItemProxy;
			containerPortal = 8366A465214E9D8B0060C383 /* Project object */;
			proxyType = 1;
			remoteGlobalIDString = 8366A46D214E9D8B0060C383;
			remoteInfo = RoundedDecimal;
		};
/* End PBXContainerItemProxy section */

/* Begin PBXFileReference section */
		8366A46E214E9D8B0060C383 /* RoundedDecimal_iOS.framework */ = {isa = PBXFileReference; explicitFileType = wrapper.framework; includeInIndex = 0; path = RoundedDecimal_iOS.framework; sourceTree = BUILT_PRODUCTS_DIR; };
		8366A471214E9D8B0060C383 /* RoundedDecimal.h */ = {isa = PBXFileReference; lastKnownFileType = sourcecode.c.h; path = RoundedDecimal.h; sourceTree = "<group>"; };
		8366A472214E9D8B0060C383 /* Info.plist */ = {isa = PBXFileReference; lastKnownFileType = text.plist.xml; path = Info.plist; sourceTree = "<group>"; };
		8366A477214E9D8B0060C383 /* RoundedDecimalTests.xctest */ = {isa = PBXFileReference; explicitFileType = wrapper.cfbundle; includeInIndex = 0; path = RoundedDecimalTests.xctest; sourceTree = BUILT_PRODUCTS_DIR; };
		8366A47C214E9D8B0060C383 /* RoundedDecimalTests.swift */ = {isa = PBXFileReference; lastKnownFileType = sourcecode.swift; path = RoundedDecimalTests.swift; sourceTree = "<group>"; };
		8366A47E214E9D8B0060C383 /* Info.plist */ = {isa = PBXFileReference; lastKnownFileType = text.plist.xml; path = Info.plist; sourceTree = "<group>"; };
		8366A488214E9F8E0060C383 /* RoundedDecimal.swift */ = {isa = PBXFileReference; lastKnownFileType = sourcecode.swift; name = RoundedDecimal.swift; path = implementation/RoundedDecimal.swift; sourceTree = "<group>"; };
		8366A48A214EA0330060C383 /* DecimalTypes.swift */ = {isa = PBXFileReference; lastKnownFileType = sourcecode.swift; name = DecimalTypes.swift; path = implementation/DecimalTypes.swift; sourceTree = "<group>"; };
		8366A48C214EA04F0060C383 /* Decimal+Rounding.swift */ = {isa = PBXFileReference; lastKnownFileType = sourcecode.swift; name = "Decimal+Rounding.swift"; path = "implementation/Decimal+Rounding.swift"; sourceTree = "<group>"; };
		F61B00B1231AFC8F003DF5EE /* RoundedDecimal_tvOS.framework */ = {isa = PBXFileReference; explicitFileType = wrapper.framework; includeInIndex = 0; path = RoundedDecimal_tvOS.framework; sourceTree = BUILT_PRODUCTS_DIR; };
		F61B00B3231AFC8F003DF5EE /* RoundedDecimal_tvOS.h */ = {isa = PBXFileReference; lastKnownFileType = sourcecode.c.h; path = RoundedDecimal_tvOS.h; sourceTree = "<group>"; };
		F61B00B4231AFC8F003DF5EE /* Info.plist */ = {isa = PBXFileReference; lastKnownFileType = text.plist.xml; path = Info.plist; sourceTree = "<group>"; };
		F61B00BE231AFCB4003DF5EE /* RoundedDecimal_macOS.framework */ = {isa = PBXFileReference; explicitFileType = wrapper.framework; includeInIndex = 0; path = RoundedDecimal_macOS.framework; sourceTree = BUILT_PRODUCTS_DIR; };
		F61B00C0231AFCB5003DF5EE /* RoundedDecimal_macOS.h */ = {isa = PBXFileReference; lastKnownFileType = sourcecode.c.h; path = RoundedDecimal_macOS.h; sourceTree = "<group>"; };
		F61B00C1231AFCB5003DF5EE /* Info.plist */ = {isa = PBXFileReference; lastKnownFileType = text.plist.xml; path = Info.plist; sourceTree = "<group>"; };
		F61B00CB231AFCCA003DF5EE /* RoundedDecimal_watchOS.framework */ = {isa = PBXFileReference; explicitFileType = wrapper.framework; includeInIndex = 0; path = RoundedDecimal_watchOS.framework; sourceTree = BUILT_PRODUCTS_DIR; };
		F61B00CD231AFCCB003DF5EE /* RoundedDecimal_watchOS.h */ = {isa = PBXFileReference; lastKnownFileType = sourcecode.c.h; path = RoundedDecimal_watchOS.h; sourceTree = "<group>"; };
		F61B00CE231AFCCB003DF5EE /* Info.plist */ = {isa = PBXFileReference; lastKnownFileType = text.plist.xml; path = Info.plist; sourceTree = "<group>"; };
/* End PBXFileReference section */

/* Begin PBXFrameworksBuildPhase section */
		8366A46A214E9D8B0060C383 /* Frameworks */ = {
			isa = PBXFrameworksBuildPhase;
			buildActionMask = 2147483647;
			files = (
			);
			runOnlyForDeploymentPostprocessing = 0;
		};
		8366A474214E9D8B0060C383 /* Frameworks */ = {
			isa = PBXFrameworksBuildPhase;
			buildActionMask = 2147483647;
			files = (
				8366A478214E9D8B0060C383 /* RoundedDecimal_iOS.framework in Frameworks */,
			);
			runOnlyForDeploymentPostprocessing = 0;
		};
		F61B00AE231AFC8F003DF5EE /* Frameworks */ = {
			isa = PBXFrameworksBuildPhase;
			buildActionMask = 2147483647;
			files = (
			);
			runOnlyForDeploymentPostprocessing = 0;
		};
		F61B00BB231AFCB4003DF5EE /* Frameworks */ = {
			isa = PBXFrameworksBuildPhase;
			buildActionMask = 2147483647;
			files = (
			);
			runOnlyForDeploymentPostprocessing = 0;
		};
		F61B00C8231AFCCA003DF5EE /* Frameworks */ = {
			isa = PBXFrameworksBuildPhase;
			buildActionMask = 2147483647;
			files = (
			);
			runOnlyForDeploymentPostprocessing = 0;
		};
/* End PBXFrameworksBuildPhase section */

/* Begin PBXGroup section */
		8366A464214E9D8B0060C383 = {
			isa = PBXGroup;
			children = (
				8366A470214E9D8B0060C383 /* RoundedDecimal */,
				8366A47B214E9D8B0060C383 /* RoundedDecimalTests */,
				F61B00B2231AFC8F003DF5EE /* RoundedDecimal_tvOS */,
				F61B00BF231AFCB5003DF5EE /* RoundedDecimal_macOS */,
				F61B00CC231AFCCB003DF5EE /* RoundedDecimal_watchOS */,
				8366A46F214E9D8B0060C383 /* Products */,
			);
			sourceTree = "<group>";
		};
		8366A46F214E9D8B0060C383 /* Products */ = {
			isa = PBXGroup;
			children = (
				8366A46E214E9D8B0060C383 /* RoundedDecimal_iOS.framework */,
				8366A477214E9D8B0060C383 /* RoundedDecimalTests.xctest */,
				F61B00B1231AFC8F003DF5EE /* RoundedDecimal_tvOS.framework */,
				F61B00BE231AFCB4003DF5EE /* RoundedDecimal_macOS.framework */,
				F61B00CB231AFCCA003DF5EE /* RoundedDecimal_watchOS.framework */,
			);
			name = Products;
			sourceTree = "<group>";
		};
		8366A470214E9D8B0060C383 /* RoundedDecimal */ = {
			isa = PBXGroup;
			children = (
				8366A471214E9D8B0060C383 /* RoundedDecimal.h */,
				8366A472214E9D8B0060C383 /* Info.plist */,
				8366A488214E9F8E0060C383 /* RoundedDecimal.swift */,
				8366A48A214EA0330060C383 /* DecimalTypes.swift */,
				8366A48C214EA04F0060C383 /* Decimal+Rounding.swift */,
			);
			path = RoundedDecimal;
			sourceTree = "<group>";
		};
		8366A47B214E9D8B0060C383 /* RoundedDecimalTests */ = {
			isa = PBXGroup;
			children = (
				8366A47C214E9D8B0060C383 /* RoundedDecimalTests.swift */,
				8366A47E214E9D8B0060C383 /* Info.plist */,
			);
			path = RoundedDecimalTests;
			sourceTree = "<group>";
		};
		F61B00B2231AFC8F003DF5EE /* RoundedDecimal_tvOS */ = {
			isa = PBXGroup;
			children = (
				F61B00B3231AFC8F003DF5EE /* RoundedDecimal_tvOS.h */,
				F61B00B4231AFC8F003DF5EE /* Info.plist */,
			);
			path = RoundedDecimal_tvOS;
			sourceTree = "<group>";
		};
		F61B00BF231AFCB5003DF5EE /* RoundedDecimal_macOS */ = {
			isa = PBXGroup;
			children = (
				F61B00C0231AFCB5003DF5EE /* RoundedDecimal_macOS.h */,
				F61B00C1231AFCB5003DF5EE /* Info.plist */,
			);
			path = RoundedDecimal_macOS;
			sourceTree = "<group>";
		};
		F61B00CC231AFCCB003DF5EE /* RoundedDecimal_watchOS */ = {
			isa = PBXGroup;
			children = (
				F61B00CD231AFCCB003DF5EE /* RoundedDecimal_watchOS.h */,
				F61B00CE231AFCCB003DF5EE /* Info.plist */,
			);
			path = RoundedDecimal_watchOS;
			sourceTree = "<group>";
		};
/* End PBXGroup section */

/* Begin PBXHeadersBuildPhase section */
		8366A46B214E9D8B0060C383 /* Headers */ = {
			isa = PBXHeadersBuildPhase;
			buildActionMask = 2147483647;
			files = (
				8366A47F214E9D8B0060C383 /* RoundedDecimal.h in Headers */,
			);
			runOnlyForDeploymentPostprocessing = 0;
		};
		F61B00AC231AFC8F003DF5EE /* Headers */ = {
			isa = PBXHeadersBuildPhase;
			buildActionMask = 2147483647;
			files = (
				F61B00B5231AFC8F003DF5EE /* RoundedDecimal_tvOS.h in Headers */,
			);
			runOnlyForDeploymentPostprocessing = 0;
		};
		F61B00B9231AFCB4003DF5EE /* Headers */ = {
			isa = PBXHeadersBuildPhase;
			buildActionMask = 2147483647;
			files = (
				F61B00C2231AFCB5003DF5EE /* RoundedDecimal_macOS.h in Headers */,
			);
			runOnlyForDeploymentPostprocessing = 0;
		};
		F61B00C6231AFCCA003DF5EE /* Headers */ = {
			isa = PBXHeadersBuildPhase;
			buildActionMask = 2147483647;
			files = (
				F61B00CF231AFCCB003DF5EE /* RoundedDecimal_watchOS.h in Headers */,
			);
			runOnlyForDeploymentPostprocessing = 0;
		};
/* End PBXHeadersBuildPhase section */

/* Begin PBXNativeTarget section */
		8366A46D214E9D8B0060C383 /* RoundedDecimal_iOS */ = {
			isa = PBXNativeTarget;
			buildConfigurationList = 8366A482214E9D8B0060C383 /* Build configuration list for PBXNativeTarget "RoundedDecimal_iOS" */;
			buildPhases = (
				8366A469214E9D8B0060C383 /* Sources */,
				8366A46A214E9D8B0060C383 /* Frameworks */,
				8366A46B214E9D8B0060C383 /* Headers */,
				8366A46C214E9D8B0060C383 /* Resources */,
			);
			buildRules = (
			);
			dependencies = (
			);
			name = RoundedDecimal_iOS;
			productName = RoundedDecimal;
			productReference = 8366A46E214E9D8B0060C383 /* RoundedDecimal_iOS.framework */;
			productType = "com.apple.product-type.framework";
		};
		8366A476214E9D8B0060C383 /* RoundedDecimalTests */ = {
			isa = PBXNativeTarget;
			buildConfigurationList = 8366A485214E9D8B0060C383 /* Build configuration list for PBXNativeTarget "RoundedDecimalTests" */;
			buildPhases = (
				8366A473214E9D8B0060C383 /* Sources */,
				8366A474214E9D8B0060C383 /* Frameworks */,
				8366A475214E9D8B0060C383 /* Resources */,
			);
			buildRules = (
			);
			dependencies = (
				8366A47A214E9D8B0060C383 /* PBXTargetDependency */,
			);
			name = RoundedDecimalTests;
			productName = RoundedDecimalTests;
			productReference = 8366A477214E9D8B0060C383 /* RoundedDecimalTests.xctest */;
			productType = "com.apple.product-type.bundle.unit-test";
		};
		F61B00B0231AFC8F003DF5EE /* RoundedDecimal_tvOS */ = {
			isa = PBXNativeTarget;
			buildConfigurationList = F61B00B8231AFC8F003DF5EE /* Build configuration list for PBXNativeTarget "RoundedDecimal_tvOS" */;
			buildPhases = (
				F61B00AC231AFC8F003DF5EE /* Headers */,
				F61B00AD231AFC8F003DF5EE /* Sources */,
				F61B00AE231AFC8F003DF5EE /* Frameworks */,
				F61B00AF231AFC8F003DF5EE /* Resources */,
			);
			buildRules = (
			);
			dependencies = (
			);
			name = RoundedDecimal_tvOS;
			productName = RoundedDecimal_tvOS;
			productReference = F61B00B1231AFC8F003DF5EE /* RoundedDecimal_tvOS.framework */;
			productType = "com.apple.product-type.framework";
		};
		F61B00BD231AFCB4003DF5EE /* RoundedDecimal_macOS */ = {
			isa = PBXNativeTarget;
			buildConfigurationList = F61B00C3231AFCB5003DF5EE /* Build configuration list for PBXNativeTarget "RoundedDecimal_macOS" */;
			buildPhases = (
				F61B00B9231AFCB4003DF5EE /* Headers */,
				F61B00BA231AFCB4003DF5EE /* Sources */,
				F61B00BB231AFCB4003DF5EE /* Frameworks */,
				F61B00BC231AFCB4003DF5EE /* Resources */,
			);
			buildRules = (
			);
			dependencies = (
			);
			name = RoundedDecimal_macOS;
			productName = RoundedDecimal_macOS;
			productReference = F61B00BE231AFCB4003DF5EE /* RoundedDecimal_macOS.framework */;
			productType = "com.apple.product-type.framework";
		};
		F61B00CA231AFCCA003DF5EE /* RoundedDecimal_watchOS */ = {
			isa = PBXNativeTarget;
			buildConfigurationList = F61B00D0231AFCCB003DF5EE /* Build configuration list for PBXNativeTarget "RoundedDecimal_watchOS" */;
			buildPhases = (
				F61B00C6231AFCCA003DF5EE /* Headers */,
				F61B00C7231AFCCA003DF5EE /* Sources */,
				F61B00C8231AFCCA003DF5EE /* Frameworks */,
				F61B00C9231AFCCA003DF5EE /* Resources */,
			);
			buildRules = (
			);
			dependencies = (
			);
			name = RoundedDecimal_watchOS;
			productName = RoundedDecimal_watchOS;
			productReference = F61B00CB231AFCCA003DF5EE /* RoundedDecimal_watchOS.framework */;
			productType = "com.apple.product-type.framework";
		};
/* End PBXNativeTarget section */

/* Begin PBXProject section */
		8366A465214E9D8B0060C383 /* Project object */ = {
			isa = PBXProject;
			attributes = {
				LastSwiftUpdateCheck = 0940;
				LastUpgradeCheck = 0940;
				ORGANIZATIONNAME = "Software Engineering Limited";
				TargetAttributes = {
					8366A46D214E9D8B0060C383 = {
						CreatedOnToolsVersion = 9.4.1;
						LastSwiftMigration = 1030;
					};
					8366A476214E9D8B0060C383 = {
						CreatedOnToolsVersion = 9.4.1;
						LastSwiftMigration = 1030;
					};
					F61B00B0231AFC8F003DF5EE = {
						CreatedOnToolsVersion = 10.3;
					};
					F61B00BD231AFCB4003DF5EE = {
						CreatedOnToolsVersion = 10.3;
					};
					F61B00CA231AFCCA003DF5EE = {
						CreatedOnToolsVersion = 10.3;
					};
				};
			};
			buildConfigurationList = 8366A468214E9D8B0060C383 /* Build configuration list for PBXProject "RoundedDecimal" */;
			compatibilityVersion = "Xcode 9.3";
			developmentRegion = en;
			hasScannedForEncodings = 0;
			knownRegions = (
				en,
				Base,
			);
			mainGroup = 8366A464214E9D8B0060C383;
			productRefGroup = 8366A46F214E9D8B0060C383 /* Products */;
			projectDirPath = "";
			projectRoot = "";
			targets = (
				8366A46D214E9D8B0060C383 /* RoundedDecimal_iOS */,
				F61B00B0231AFC8F003DF5EE /* RoundedDecimal_tvOS */,
				F61B00BD231AFCB4003DF5EE /* RoundedDecimal_macOS */,
				F61B00CA231AFCCA003DF5EE /* RoundedDecimal_watchOS */,
				8366A476214E9D8B0060C383 /* RoundedDecimalTests */,
			);
		};
/* End PBXProject section */

/* Begin PBXResourcesBuildPhase section */
		8366A46C214E9D8B0060C383 /* Resources */ = {
			isa = PBXResourcesBuildPhase;
			buildActionMask = 2147483647;
			files = (
			);
			runOnlyForDeploymentPostprocessing = 0;
		};
		8366A475214E9D8B0060C383 /* Resources */ = {
			isa = PBXResourcesBuildPhase;
			buildActionMask = 2147483647;
			files = (
			);
			runOnlyForDeploymentPostprocessing = 0;
		};
		F61B00AF231AFC8F003DF5EE /* Resources */ = {
			isa = PBXResourcesBuildPhase;
			buildActionMask = 2147483647;
			files = (
			);
			runOnlyForDeploymentPostprocessing = 0;
		};
		F61B00BC231AFCB4003DF5EE /* Resources */ = {
			isa = PBXResourcesBuildPhase;
			buildActionMask = 2147483647;
			files = (
			);
			runOnlyForDeploymentPostprocessing = 0;
		};
		F61B00C9231AFCCA003DF5EE /* Resources */ = {
			isa = PBXResourcesBuildPhase;
			buildActionMask = 2147483647;
			files = (
			);
			runOnlyForDeploymentPostprocessing = 0;
		};
/* End PBXResourcesBuildPhase section */

/* Begin PBXSourcesBuildPhase section */
		8366A469214E9D8B0060C383 /* Sources */ = {
			isa = PBXSourcesBuildPhase;
			buildActionMask = 2147483647;
			files = (
				8366A489214E9F8E0060C383 /* RoundedDecimal.swift in Sources */,
				8366A48B214EA0330060C383 /* DecimalTypes.swift in Sources */,
				8366A48D214EA04F0060C383 /* Decimal+Rounding.swift in Sources */,
			);
			runOnlyForDeploymentPostprocessing = 0;
		};
		8366A473214E9D8B0060C383 /* Sources */ = {
			isa = PBXSourcesBuildPhase;
			buildActionMask = 2147483647;
			files = (
				8366A47D214E9D8B0060C383 /* RoundedDecimalTests.swift in Sources */,
			);
			runOnlyForDeploymentPostprocessing = 0;
		};
		F61B00AD231AFC8F003DF5EE /* Sources */ = {
			isa = PBXSourcesBuildPhase;
			buildActionMask = 2147483647;
			files = (
				F61B00D5231AFE17003DF5EE /* Decimal+Rounding.swift in Sources */,
				F61B00D3231AFE17003DF5EE /* RoundedDecimal.swift in Sources */,
				F61B00D4231AFE17003DF5EE /* DecimalTypes.swift in Sources */,
			);
			runOnlyForDeploymentPostprocessing = 0;
		};
		F61B00BA231AFCB4003DF5EE /* Sources */ = {
			isa = PBXSourcesBuildPhase;
			buildActionMask = 2147483647;
			files = (
				F61B00D8231AFE18003DF5EE /* Decimal+Rounding.swift in Sources */,
				F61B00D6231AFE18003DF5EE /* RoundedDecimal.swift in Sources */,
				F61B00D7231AFE18003DF5EE /* DecimalTypes.swift in Sources */,
			);
			runOnlyForDeploymentPostprocessing = 0;
		};
		F61B00C7231AFCCA003DF5EE /* Sources */ = {
			isa = PBXSourcesBuildPhase;
			buildActionMask = 2147483647;
			files = (
				F61B00DB231AFE19003DF5EE /* Decimal+Rounding.swift in Sources */,
				F61B00D9231AFE19003DF5EE /* RoundedDecimal.swift in Sources */,
				F61B00DA231AFE19003DF5EE /* DecimalTypes.swift in Sources */,
			);
			runOnlyForDeploymentPostprocessing = 0;
		};
/* End PBXSourcesBuildPhase section */

/* Begin PBXTargetDependency section */
		8366A47A214E9D8B0060C383 /* PBXTargetDependency */ = {
			isa = PBXTargetDependency;
			target = 8366A46D214E9D8B0060C383 /* RoundedDecimal_iOS */;
			targetProxy = 8366A479214E9D8B0060C383 /* PBXContainerItemProxy */;
		};
/* End PBXTargetDependency section */

/* Begin XCBuildConfiguration section */
		8366A480214E9D8B0060C383 /* Debug */ = {
			isa = XCBuildConfiguration;
			buildSettings = {
				ALWAYS_SEARCH_USER_PATHS = NO;
				CLANG_ANALYZER_NONNULL = YES;
				CLANG_ANALYZER_NUMBER_OBJECT_CONVERSION = YES_AGGRESSIVE;
				CLANG_CXX_LANGUAGE_STANDARD = "gnu++14";
				CLANG_CXX_LIBRARY = "libc++";
				CLANG_ENABLE_MODULES = YES;
				CLANG_ENABLE_OBJC_ARC = YES;
				CLANG_ENABLE_OBJC_WEAK = YES;
				CLANG_WARN_BLOCK_CAPTURE_AUTORELEASING = YES;
				CLANG_WARN_BOOL_CONVERSION = YES;
				CLANG_WARN_COMMA = YES;
				CLANG_WARN_CONSTANT_CONVERSION = YES;
				CLANG_WARN_DEPRECATED_OBJC_IMPLEMENTATIONS = YES;
				CLANG_WARN_DIRECT_OBJC_ISA_USAGE = YES_ERROR;
				CLANG_WARN_DOCUMENTATION_COMMENTS = YES;
				CLANG_WARN_EMPTY_BODY = YES;
				CLANG_WARN_ENUM_CONVERSION = YES;
				CLANG_WARN_INFINITE_RECURSION = YES;
				CLANG_WARN_INT_CONVERSION = YES;
				CLANG_WARN_NON_LITERAL_NULL_CONVERSION = YES;
				CLANG_WARN_OBJC_IMPLICIT_RETAIN_SELF = YES;
				CLANG_WARN_OBJC_LITERAL_CONVERSION = YES;
				CLANG_WARN_OBJC_ROOT_CLASS = YES_ERROR;
				CLANG_WARN_RANGE_LOOP_ANALYSIS = YES;
				CLANG_WARN_STRICT_PROTOTYPES = YES;
				CLANG_WARN_SUSPICIOUS_MOVE = YES;
				CLANG_WARN_UNGUARDED_AVAILABILITY = YES_AGGRESSIVE;
				CLANG_WARN_UNREACHABLE_CODE = YES;
				CLANG_WARN__DUPLICATE_METHOD_MATCH = YES;
				CODE_SIGN_IDENTITY = "iPhone Developer";
				COPY_PHASE_STRIP = NO;
				CURRENT_PROJECT_VERSION = 1;
				DEBUG_INFORMATION_FORMAT = dwarf;
				ENABLE_STRICT_OBJC_MSGSEND = YES;
				ENABLE_TESTABILITY = YES;
				GCC_C_LANGUAGE_STANDARD = gnu11;
				GCC_DYNAMIC_NO_PIC = NO;
				GCC_NO_COMMON_BLOCKS = YES;
				GCC_OPTIMIZATION_LEVEL = 0;
				GCC_PREPROCESSOR_DEFINITIONS = (
					"DEBUG=1",
					"$(inherited)",
				);
				GCC_WARN_64_TO_32_BIT_CONVERSION = YES;
				GCC_WARN_ABOUT_RETURN_TYPE = YES_ERROR;
				GCC_WARN_UNDECLARED_SELECTOR = YES;
				GCC_WARN_UNINITIALIZED_AUTOS = YES_AGGRESSIVE;
				GCC_WARN_UNUSED_FUNCTION = YES;
				GCC_WARN_UNUSED_VARIABLE = YES;
				IPHONEOS_DEPLOYMENT_TARGET = 11.4;
				MTL_ENABLE_DEBUG_INFO = YES;
				ONLY_ACTIVE_ARCH = YES;
				SDKROOT = iphoneos;
				SWIFT_ACTIVE_COMPILATION_CONDITIONS = DEBUG;
				SWIFT_OPTIMIZATION_LEVEL = "-Onone";
				VERSIONING_SYSTEM = "apple-generic";
				VERSION_INFO_PREFIX = "";
			};
			name = Debug;
		};
		8366A481214E9D8B0060C383 /* Release */ = {
			isa = XCBuildConfiguration;
			buildSettings = {
				ALWAYS_SEARCH_USER_PATHS = NO;
				CLANG_ANALYZER_NONNULL = YES;
				CLANG_ANALYZER_NUMBER_OBJECT_CONVERSION = YES_AGGRESSIVE;
				CLANG_CXX_LANGUAGE_STANDARD = "gnu++14";
				CLANG_CXX_LIBRARY = "libc++";
				CLANG_ENABLE_MODULES = YES;
				CLANG_ENABLE_OBJC_ARC = YES;
				CLANG_ENABLE_OBJC_WEAK = YES;
				CLANG_WARN_BLOCK_CAPTURE_AUTORELEASING = YES;
				CLANG_WARN_BOOL_CONVERSION = YES;
				CLANG_WARN_COMMA = YES;
				CLANG_WARN_CONSTANT_CONVERSION = YES;
				CLANG_WARN_DEPRECATED_OBJC_IMPLEMENTATIONS = YES;
				CLANG_WARN_DIRECT_OBJC_ISA_USAGE = YES_ERROR;
				CLANG_WARN_DOCUMENTATION_COMMENTS = YES;
				CLANG_WARN_EMPTY_BODY = YES;
				CLANG_WARN_ENUM_CONVERSION = YES;
				CLANG_WARN_INFINITE_RECURSION = YES;
				CLANG_WARN_INT_CONVERSION = YES;
				CLANG_WARN_NON_LITERAL_NULL_CONVERSION = YES;
				CLANG_WARN_OBJC_IMPLICIT_RETAIN_SELF = YES;
				CLANG_WARN_OBJC_LITERAL_CONVERSION = YES;
				CLANG_WARN_OBJC_ROOT_CLASS = YES_ERROR;
				CLANG_WARN_RANGE_LOOP_ANALYSIS = YES;
				CLANG_WARN_STRICT_PROTOTYPES = YES;
				CLANG_WARN_SUSPICIOUS_MOVE = YES;
				CLANG_WARN_UNGUARDED_AVAILABILITY = YES_AGGRESSIVE;
				CLANG_WARN_UNREACHABLE_CODE = YES;
				CLANG_WARN__DUPLICATE_METHOD_MATCH = YES;
				CODE_SIGN_IDENTITY = "iPhone Developer";
				COPY_PHASE_STRIP = NO;
				CURRENT_PROJECT_VERSION = 1;
				DEBUG_INFORMATION_FORMAT = "dwarf-with-dsym";
				ENABLE_NS_ASSERTIONS = NO;
				ENABLE_STRICT_OBJC_MSGSEND = YES;
				GCC_C_LANGUAGE_STANDARD = gnu11;
				GCC_NO_COMMON_BLOCKS = YES;
				GCC_WARN_64_TO_32_BIT_CONVERSION = YES;
				GCC_WARN_ABOUT_RETURN_TYPE = YES_ERROR;
				GCC_WARN_UNDECLARED_SELECTOR = YES;
				GCC_WARN_UNINITIALIZED_AUTOS = YES_AGGRESSIVE;
				GCC_WARN_UNUSED_FUNCTION = YES;
				GCC_WARN_UNUSED_VARIABLE = YES;
				IPHONEOS_DEPLOYMENT_TARGET = 11.4;
				MTL_ENABLE_DEBUG_INFO = NO;
				SDKROOT = iphoneos;
				SWIFT_COMPILATION_MODE = wholemodule;
				SWIFT_OPTIMIZATION_LEVEL = "-O";
				VALIDATE_PRODUCT = YES;
				VERSIONING_SYSTEM = "apple-generic";
				VERSION_INFO_PREFIX = "";
			};
			name = Release;
		};
		8366A483214E9D8B0060C383 /* Debug */ = {
			isa = XCBuildConfiguration;
			buildSettings = {
				CLANG_ENABLE_MODULES = YES;
				CODE_SIGN_IDENTITY = "";
				CODE_SIGN_STYLE = Automatic;
				DEFINES_MODULE = YES;
				DYLIB_COMPATIBILITY_VERSION = 1;
				DYLIB_CURRENT_VERSION = 1;
				DYLIB_INSTALL_NAME_BASE = "@rpath";
				INFOPLIST_FILE = RoundedDecimal/Info.plist;
				INSTALL_PATH = "$(LOCAL_LIBRARY_DIR)/Frameworks";
				IPHONEOS_DEPLOYMENT_TARGET = 10.0;
				LD_RUNPATH_SEARCH_PATHS = (
					"$(inherited)",
					"@executable_path/Frameworks",
					"@loader_path/Frameworks",
				);
				PRODUCT_BUNDLE_IDENTIFIER = io.softwareengineering.RoundedDecimal;
				PRODUCT_MODULE_NAME = "$(TARGET_NAME:c99extidentifier)";
				PRODUCT_NAME = "$(TARGET_NAME:c99extidentifier)";
				SWIFT_OPTIMIZATION_LEVEL = "-Onone";
				SWIFT_VERSION = 5.0;
				TARGETED_DEVICE_FAMILY = "1,2";
			};
			name = Debug;
		};
		8366A484214E9D8B0060C383 /* Release */ = {
			isa = XCBuildConfiguration;
			buildSettings = {
				CLANG_ENABLE_MODULES = YES;
				CODE_SIGN_IDENTITY = "";
				CODE_SIGN_STYLE = Automatic;
				DEFINES_MODULE = YES;
				DYLIB_COMPATIBILITY_VERSION = 1;
				DYLIB_CURRENT_VERSION = 1;
				DYLIB_INSTALL_NAME_BASE = "@rpath";
				INFOPLIST_FILE = RoundedDecimal/Info.plist;
				INSTALL_PATH = "$(LOCAL_LIBRARY_DIR)/Frameworks";
				IPHONEOS_DEPLOYMENT_TARGET = 10.0;
				LD_RUNPATH_SEARCH_PATHS = (
					"$(inherited)",
					"@executable_path/Frameworks",
					"@loader_path/Frameworks",
				);
				PRODUCT_BUNDLE_IDENTIFIER = io.softwareengineering.RoundedDecimal;
				PRODUCT_MODULE_NAME = "$(TARGET_NAME:c99extidentifier)";
				PRODUCT_NAME = "$(TARGET_NAME:c99extidentifier)";
				SWIFT_VERSION = 5.0;
				TARGETED_DEVICE_FAMILY = "1,2";
			};
			name = Release;
		};
		8366A486214E9D8B0060C383 /* Debug */ = {
			isa = XCBuildConfiguration;
			buildSettings = {
				ALWAYS_EMBED_SWIFT_STANDARD_LIBRARIES = YES;
				CODE_SIGN_STYLE = Automatic;
				INFOPLIST_FILE = RoundedDecimalTests/Info.plist;
				LD_RUNPATH_SEARCH_PATHS = (
					"$(inherited)",
					"@executable_path/Frameworks",
					"@loader_path/Frameworks",
				);
				PRODUCT_BUNDLE_IDENTIFIER = io.softwareengineering.RoundedDecimalTests;
				PRODUCT_NAME = "$(TARGET_NAME)";
				SWIFT_VERSION = 5.0;
				TARGETED_DEVICE_FAMILY = "1,2";
			};
			name = Debug;
		};
		8366A487214E9D8B0060C383 /* Release */ = {
			isa = XCBuildConfiguration;
			buildSettings = {
				ALWAYS_EMBED_SWIFT_STANDARD_LIBRARIES = YES;
				CODE_SIGN_STYLE = Automatic;
				INFOPLIST_FILE = RoundedDecimalTests/Info.plist;
				LD_RUNPATH_SEARCH_PATHS = (
					"$(inherited)",
					"@executable_path/Frameworks",
					"@loader_path/Frameworks",
				);
				PRODUCT_BUNDLE_IDENTIFIER = io.softwareengineering.RoundedDecimalTests;
				PRODUCT_NAME = "$(TARGET_NAME)";
				SWIFT_VERSION = 5.0;
				TARGETED_DEVICE_FAMILY = "1,2";
			};
			name = Release;
		};
		F61B00B6231AFC8F003DF5EE /* Debug */ = {
			isa = XCBuildConfiguration;
			buildSettings = {
				CODE_SIGN_IDENTITY = "";
				CODE_SIGN_STYLE = Automatic;
				DEFINES_MODULE = YES;
				DYLIB_COMPATIBILITY_VERSION = 1;
				DYLIB_CURRENT_VERSION = 1;
				DYLIB_INSTALL_NAME_BASE = "@rpath";
				INFOPLIST_FILE = RoundedDecimal_tvOS/Info.plist;
				INSTALL_PATH = "$(LOCAL_LIBRARY_DIR)/Frameworks";
				LD_RUNPATH_SEARCH_PATHS = (
					"$(inherited)",
					"@executable_path/Frameworks",
					"@loader_path/Frameworks",
				);
				MTL_ENABLE_DEBUG_INFO = INCLUDE_SOURCE;
				MTL_FAST_MATH = YES;
				PRODUCT_BUNDLE_IDENTIFIER = "io.softwareengineering.RoundedDecimal-tvOS";
				PRODUCT_NAME = "$(TARGET_NAME:c99extidentifier)";
				SDKROOT = appletvos;
				SWIFT_VERSION = 5.0;
				TARGETED_DEVICE_FAMILY = 3;
				TVOS_DEPLOYMENT_TARGET = 10;
			};
			name = Debug;
		};
		F61B00B7231AFC8F003DF5EE /* Release */ = {
			isa = XCBuildConfiguration;
			buildSettings = {
				CODE_SIGN_IDENTITY = "";
				CODE_SIGN_STYLE = Automatic;
				DEFINES_MODULE = YES;
				DYLIB_COMPATIBILITY_VERSION = 1;
				DYLIB_CURRENT_VERSION = 1;
				DYLIB_INSTALL_NAME_BASE = "@rpath";
				INFOPLIST_FILE = RoundedDecimal_tvOS/Info.plist;
				INSTALL_PATH = "$(LOCAL_LIBRARY_DIR)/Frameworks";
				LD_RUNPATH_SEARCH_PATHS = (
					"$(inherited)",
					"@executable_path/Frameworks",
					"@loader_path/Frameworks",
				);
				MTL_FAST_MATH = YES;
				PRODUCT_BUNDLE_IDENTIFIER = "io.softwareengineering.RoundedDecimal-tvOS";
				PRODUCT_NAME = "$(TARGET_NAME:c99extidentifier)";
				SDKROOT = appletvos;
				SWIFT_VERSION = 5.0;
				TARGETED_DEVICE_FAMILY = 3;
				TVOS_DEPLOYMENT_TARGET = 10;
			};
			name = Release;
		};
		F61B00C4231AFCB5003DF5EE /* Debug */ = {
			isa = XCBuildConfiguration;
			buildSettings = {
				CODE_SIGN_IDENTITY = "-";
				CODE_SIGN_STYLE = Manual;
				COMBINE_HIDPI_IMAGES = YES;
				DEFINES_MODULE = YES;
				DEVELOPMENT_TEAM = "";
				DYLIB_COMPATIBILITY_VERSION = 1;
				DYLIB_CURRENT_VERSION = 1;
				DYLIB_INSTALL_NAME_BASE = "@rpath";
				FRAMEWORK_VERSION = A;
				INFOPLIST_FILE = RoundedDecimal_macOS/Info.plist;
				INSTALL_PATH = "$(LOCAL_LIBRARY_DIR)/Frameworks";
				LD_RUNPATH_SEARCH_PATHS = (
					"$(inherited)",
					"@executable_path/../Frameworks",
					"@loader_path/Frameworks",
				);
				MACOSX_DEPLOYMENT_TARGET = 10.9;
				MTL_ENABLE_DEBUG_INFO = INCLUDE_SOURCE;
				MTL_FAST_MATH = YES;
				PRODUCT_BUNDLE_IDENTIFIER = "io.softwareengineering.RoundedDecimal-macOS";
				PRODUCT_NAME = "$(TARGET_NAME:c99extidentifier)";
				PROVISIONING_PROFILE_SPECIFIER = "";
				SDKROOT = macosx;
				SWIFT_VERSION = 5.0;
			};
			name = Debug;
		};
		F61B00C5231AFCB5003DF5EE /* Release */ = {
			isa = XCBuildConfiguration;
			buildSettings = {
				CODE_SIGN_IDENTITY = "-";
				CODE_SIGN_STYLE = Manual;
				COMBINE_HIDPI_IMAGES = YES;
				DEFINES_MODULE = YES;
				DEVELOPMENT_TEAM = "";
				DYLIB_COMPATIBILITY_VERSION = 1;
				DYLIB_CURRENT_VERSION = 1;
				DYLIB_INSTALL_NAME_BASE = "@rpath";
				FRAMEWORK_VERSION = A;
				INFOPLIST_FILE = RoundedDecimal_macOS/Info.plist;
				INSTALL_PATH = "$(LOCAL_LIBRARY_DIR)/Frameworks";
				LD_RUNPATH_SEARCH_PATHS = (
					"$(inherited)",
					"@executable_path/../Frameworks",
					"@loader_path/Frameworks",
				);
				MACOSX_DEPLOYMENT_TARGET = 10.9;
				MTL_FAST_MATH = YES;
				PRODUCT_BUNDLE_IDENTIFIER = "io.softwareengineering.RoundedDecimal-macOS";
				PRODUCT_NAME = "$(TARGET_NAME:c99extidentifier)";
				PROVISIONING_PROFILE_SPECIFIER = "";
				SDKROOT = macosx;
				SWIFT_VERSION = 5.0;
			};
			name = Release;
		};
		F61B00D1231AFCCB003DF5EE /* Debug */ = {
			isa = XCBuildConfiguration;
			buildSettings = {
				APPLICATION_EXTENSION_API_ONLY = YES;
				CODE_SIGN_IDENTITY = "";
				CODE_SIGN_STYLE = Automatic;
				DEFINES_MODULE = YES;
				DYLIB_COMPATIBILITY_VERSION = 1;
				DYLIB_CURRENT_VERSION = 1;
				DYLIB_INSTALL_NAME_BASE = "@rpath";
				INFOPLIST_FILE = RoundedDecimal_watchOS/Info.plist;
				INSTALL_PATH = "$(LOCAL_LIBRARY_DIR)/Frameworks";
				LD_RUNPATH_SEARCH_PATHS = (
					"$(inherited)",
					"@executable_path/Frameworks",
					"@loader_path/Frameworks",
				);
				MTL_ENABLE_DEBUG_INFO = INCLUDE_SOURCE;
				MTL_FAST_MATH = YES;
				PRODUCT_BUNDLE_IDENTIFIER = "io.softwareengineering.RoundedDecimal-watchOS";
				PRODUCT_NAME = "$(TARGET_NAME:c99extidentifier)";
				SDKROOT = watchos;
				SWIFT_VERSION = 5.0;
				TARGETED_DEVICE_FAMILY = 4;
				WATCHOS_DEPLOYMENT_TARGET = 3.0;
			};
			name = Debug;
		};
		F61B00D2231AFCCB003DF5EE /* Release */ = {
			isa = XCBuildConfiguration;
			buildSettings = {
				APPLICATION_EXTENSION_API_ONLY = YES;
				CODE_SIGN_IDENTITY = "";
				CODE_SIGN_STYLE = Automatic;
				DEFINES_MODULE = YES;
				DYLIB_COMPATIBILITY_VERSION = 1;
				DYLIB_CURRENT_VERSION = 1;
				DYLIB_INSTALL_NAME_BASE = "@rpath";
				INFOPLIST_FILE = RoundedDecimal_watchOS/Info.plist;
				INSTALL_PATH = "$(LOCAL_LIBRARY_DIR)/Frameworks";
				LD_RUNPATH_SEARCH_PATHS = (
					"$(inherited)",
					"@executable_path/Frameworks",
					"@loader_path/Frameworks",
				);
				MTL_FAST_MATH = YES;
				PRODUCT_BUNDLE_IDENTIFIER = "io.softwareengineering.RoundedDecimal-watchOS";
				PRODUCT_NAME = "$(TARGET_NAME:c99extidentifier)";
				SDKROOT = watchos;
				SWIFT_VERSION = 5.0;
				TARGETED_DEVICE_FAMILY = 4;
				WATCHOS_DEPLOYMENT_TARGET = 3.0;
			};
			name = Release;
		};
/* End XCBuildConfiguration section */

/* Begin XCConfigurationList section */
		8366A468214E9D8B0060C383 /* Build configuration list for PBXProject "RoundedDecimal" */ = {
			isa = XCConfigurationList;
			buildConfigurations = (
				8366A480214E9D8B0060C383 /* Debug */,
				8366A481214E9D8B0060C383 /* Release */,
			);
			defaultConfigurationIsVisible = 0;
			defaultConfigurationName = Release;
		};
		8366A482214E9D8B0060C383 /* Build configuration list for PBXNativeTarget "RoundedDecimal_iOS" */ = {
			isa = XCConfigurationList;
			buildConfigurations = (
				8366A483214E9D8B0060C383 /* Debug */,
				8366A484214E9D8B0060C383 /* Release */,
			);
			defaultConfigurationIsVisible = 0;
			defaultConfigurationName = Release;
		};
		8366A485214E9D8B0060C383 /* Build configuration list for PBXNativeTarget "RoundedDecimalTests" */ = {
			isa = XCConfigurationList;
			buildConfigurations = (
				8366A486214E9D8B0060C383 /* Debug */,
				8366A487214E9D8B0060C383 /* Release */,
			);
			defaultConfigurationIsVisible = 0;
			defaultConfigurationName = Release;
		};
		F61B00B8231AFC8F003DF5EE /* Build configuration list for PBXNativeTarget "RoundedDecimal_tvOS" */ = {
			isa = XCConfigurationList;
			buildConfigurations = (
				F61B00B6231AFC8F003DF5EE /* Debug */,
				F61B00B7231AFC8F003DF5EE /* Release */,
			);
			defaultConfigurationIsVisible = 0;
			defaultConfigurationName = Release;
		};
		F61B00C3231AFCB5003DF5EE /* Build configuration list for PBXNativeTarget "RoundedDecimal_macOS" */ = {
			isa = XCConfigurationList;
			buildConfigurations = (
				F61B00C4231AFCB5003DF5EE /* Debug */,
				F61B00C5231AFCB5003DF5EE /* Release */,
			);
			defaultConfigurationIsVisible = 0;
			defaultConfigurationName = Release;
		};
		F61B00D0231AFCCB003DF5EE /* Build configuration list for PBXNativeTarget "RoundedDecimal_watchOS" */ = {
			isa = XCConfigurationList;
			buildConfigurations = (
				F61B00D1231AFCCB003DF5EE /* Debug */,
				F61B00D2231AFCCB003DF5EE /* Release */,
			);
			defaultConfigurationIsVisible = 0;
			defaultConfigurationName = Release;
		};
/* End XCConfigurationList section */
	};
	rootObject = 8366A465214E9D8B0060C383 /* Project object */;
}
